
Microsoft Visual Studio Solution File, Format Version 12.00
# Visual Studio 15
VisualStudioVersion = 15.0.28307.572
MinimumVisualStudioVersion = 10.0.40219.1
Project("{FAE04EC0-301F-11D3-BF4B-00C04F79EFBC}") = "YourDay.Android", "YourDay\YourDay.Android\YourDay.Android.csproj", "{8593182C-1CE2-4C73-BE71-D1F406CE62F8}"
EndProject
Project("{FAE04EC0-301F-11D3-BF4B-00C04F79EFBC}") = "YourDay.iOS", "YourDay\YourDay.iOS\YourDay.iOS.csproj", "{3EDFC5BF-0C9F-42AE-A2DB-1A261367A313}"
EndProject
Project("{9A19103F-16F7-4668-BE54-9A1E7A4F7556}") = "YourDay", "YourDay\YourDay\YourDay.csproj", "{0D864E41-874D-4D3E-B04E-BA267A270C95}"
EndProject
Global
	GlobalSection(SolutionConfigurationPlatforms) = preSolution
		Ad-Hoc|Any CPU = Ad-Hoc|Any CPU
		Ad-Hoc|iPhone = Ad-Hoc|iPhone
		Ad-Hoc|iPhoneSimulator = Ad-Hoc|iPhoneSimulator
		AppStore|Any CPU = AppStore|Any CPU
		AppStore|iPhone = AppStore|iPhone
		AppStore|iPhoneSimulator = AppStore|iPhoneSimulator
		Debug|Any CPU = Debug|Any CPU
		Debug|iPhone = Debug|iPhone
		Debug|iPhoneSimulator = Debug|iPhoneSimulator
		Release|Any CPU = Release|Any CPU
		Release|iPhone = Release|iPhone
		Release|iPhoneSimulator = Release|iPhoneSimulator
	EndGlobalSection
	GlobalSection(ProjectConfigurationPlatforms) = postSolution
		{8593182C-1CE2-4C73-BE71-D1F406CE62F8}.Ad-Hoc|Any CPU.ActiveCfg = Release|Any CPU
		{8593182C-1CE2-4C73-BE71-D1F406CE62F8}.Ad-Hoc|Any CPU.Build.0 = Release|Any CPU
		{8593182C-1CE2-4C73-BE71-D1F406CE62F8}.Ad-Hoc|Any CPU.Deploy.0 = Release|Any CPU
		{8593182C-1CE2-4C73-BE71-D1F406CE62F8}.Ad-Hoc|iPhone.ActiveCfg = Release|Any CPU
		{8593182C-1CE2-4C73-BE71-D1F406CE62F8}.Ad-Hoc|iPhone.Build.0 = Release|Any CPU
		{8593182C-1CE2-4C73-BE71-D1F406CE62F8}.Ad-Hoc|iPhone.Deploy.0 = Release|Any CPU
		{8593182C-1CE2-4C73-BE71-D1F406CE62F8}.Ad-Hoc|iPhoneSimulator.ActiveCfg = Release|Any CPU
		{8593182C-1CE2-4C73-BE71-D1F406CE62F8}.Ad-Hoc|iPhoneSimulator.Build.0 = Release|Any CPU
		{8593182C-1CE2-4C73-BE71-D1F406CE62F8}.Ad-Hoc|iPhoneSimulator.Deploy.0 = Release|Any CPU
		{8593182C-1CE2-4C73-BE71-D1F406CE62F8}.AppStore|Any CPU.ActiveCfg = Release|Any CPU
		{8593182C-1CE2-4C73-BE71-D1F406CE62F8}.AppStore|Any CPU.Build.0 = Release|Any CPU
		{8593182C-1CE2-4C73-BE71-D1F406CE62F8}.AppStore|Any CPU.Deploy.0 = Release|Any CPU
		{8593182C-1CE2-4C73-BE71-D1F406CE62F8}.AppStore|iPhone.ActiveCfg = Release|Any CPU
		{8593182C-1CE2-4C73-BE71-D1F406CE62F8}.AppStore|iPhone.Build.0 = Release|Any CPU
		{8593182C-1CE2-4C73-BE71-D1F406CE62F8}.AppStore|iPhone.Deploy.0 = Release|Any CPU
		{8593182C-1CE2-4C73-BE71-D1F406CE62F8}.AppStore|iPhoneSimulator.ActiveCfg = Release|Any CPU
		{8593182C-1CE2-4C73-BE71-D1F406CE62F8}.AppStore|iPhoneSimulator.Build.0 = Release|Any CPU
		{8593182C-1CE2-4C73-BE71-D1F406CE62F8}.AppStore|iPhoneSimulator.Deploy.0 = Release|Any CPU
		{8593182C-1CE2-4C73-BE71-D1F406CE62F8}.Debug|Any CPU.ActiveCfg = Debug|Any CPU
		{8593182C-1CE2-4C73-BE71-D1F406CE62F8}.Debug|Any CPU.Build.0 = Debug|Any CPU
		{8593182C-1CE2-4C73-BE71-D1F406CE62F8}.Debug|Any CPU.Deploy.0 = Debug|Any CPU
		{8593182C-1CE2-4C73-BE71-D1F406CE62F8}.Debug|iPhone.ActiveCfg = Debug|Any CPU
		{8593182C-1CE2-4C73-BE71-D1F406CE62F8}.Debug|iPhone.Build.0 = Debug|Any CPU
		{8593182C-1CE2-4C73-BE71-D1F406CE62F8}.Debug|iPhone.Deploy.0 = Debug|Any CPU
		{8593182C-1CE2-4C73-BE71-D1F406CE62F8}.Debug|iPhoneSimulator.ActiveCfg = Debug|Any CPU
		{8593182C-1CE2-4C73-BE71-D1F406CE62F8}.Debug|iPhoneSimulator.Build.0 = Debug|Any CPU
		{8593182C-1CE2-4C73-BE71-D1F406CE62F8}.Debug|iPhoneSimulator.Deploy.0 = Debug|Any CPU
		{8593182C-1CE2-4C73-BE71-D1F406CE62F8}.Release|Any CPU.ActiveCfg = Release|Any CPU
		{8593182C-1CE2-4C73-BE71-D1F406CE62F8}.Release|Any CPU.Build.0 = Release|Any CPU
		{8593182C-1CE2-4C73-BE71-D1F406CE62F8}.Release|Any CPU.Deploy.0 = Release|Any CPU
		{8593182C-1CE2-4C73-BE71-D1F406CE62F8}.Release|iPhone.ActiveCfg = Release|Any CPU
		{8593182C-1CE2-4C73-BE71-D1F406CE62F8}.Release|iPhone.Build.0 = Release|Any CPU
		{8593182C-1CE2-4C73-BE71-D1F406CE62F8}.Release|iPhone.Deploy.0 = Release|Any CPU
		{8593182C-1CE2-4C73-BE71-D1F406CE62F8}.Release|iPhoneSimulator.ActiveCfg = Release|Any CPU
		{8593182C-1CE2-4C73-BE71-D1F406CE62F8}.Release|iPhoneSimulator.Build.0 = Release|Any CPU
		{8593182C-1CE2-4C73-BE71-D1F406CE62F8}.Release|iPhoneSimulator.Deploy.0 = Release|Any CPU
		{3EDFC5BF-0C9F-42AE-A2DB-1A261367A313}.Ad-Hoc|Any CPU.ActiveCfg = Ad-Hoc|iPhone
		{3EDFC5BF-0C9F-42AE-A2DB-1A261367A313}.Ad-Hoc|Any CPU.Build.0 = Ad-Hoc|iPhone
		{3EDFC5BF-0C9F-42AE-A2DB-1A261367A313}.Ad-Hoc|Any CPU.Deploy.0 = Ad-Hoc|iPhone
		{3EDFC5BF-0C9F-42AE-A2DB-1A261367A313}.Ad-Hoc|iPhone.ActiveCfg = Ad-Hoc|iPhone
		{3EDFC5BF-0C9F-42AE-A2DB-1A261367A313}.Ad-Hoc|iPhone.Build.0 = Ad-Hoc|iPhone
		{3EDFC5BF-0C9F-42AE-A2DB-1A261367A313}.Ad-Hoc|iPhone.Deploy.0 = Ad-Hoc|iPhone
		{3EDFC5BF-0C9F-42AE-A2DB-1A261367A313}.Ad-Hoc|iPhoneSimulator.ActiveCfg = Ad-Hoc|iPhoneSimulator
		{3EDFC5BF-0C9F-42AE-A2DB-1A261367A313}.Ad-Hoc|iPhoneSimulator.Build.0 = Ad-Hoc|iPhoneSimulator
		{3EDFC5BF-0C9F-42AE-A2DB-1A261367A313}.Ad-Hoc|iPhoneSimulator.Deploy.0 = Ad-Hoc|iPhoneSimulator
		{3EDFC5BF-0C9F-42AE-A2DB-1A261367A313}.AppStore|Any CPU.ActiveCfg = AppStore|iPhone
		{3EDFC5BF-0C9F-42AE-A2DB-1A261367A313}.AppStore|Any CPU.Build.0 = AppStore|iPhone
		{3EDFC5BF-0C9F-42AE-A2DB-1A261367A313}.AppStore|Any CPU.Deploy.0 = AppStore|iPhone
		{3EDFC5BF-0C9F-42AE-A2DB-1A261367A313}.AppStore|iPhone.ActiveCfg = AppStore|iPhone
		{3EDFC5BF-0C9F-42AE-A2DB-1A261367A313}.AppStore|iPhone.Build.0 = AppStore|iPhone
		{3EDFC5BF-0C9F-42AE-A2DB-1A261367A313}.AppStore|iPhone.Deploy.0 = AppStore|iPhone
		{3EDFC5BF-0C9F-42AE-A2DB-1A261367A313}.AppStore|iPhoneSimulator.ActiveCfg = AppStore|iPhoneSimulator
		{3EDFC5BF-0C9F-42AE-A2DB-1A261367A313}.AppStore|iPhoneSimulator.Build.0 = AppStore|iPhoneSimulator
		{3EDFC5BF-0C9F-42AE-A2DB-1A261367A313}.AppStore|iPhoneSimulator.Deploy.0 = AppStore|iPhoneSimulator
		{3EDFC5BF-0C9F-42AE-A2DB-1A261367A313}.Debug|Any CPU.ActiveCfg = Debug|iPhoneSimulator
		{3EDFC5BF-0C9F-42AE-A2DB-1A261367A313}.Debug|Any CPU.Deploy.0 = Debug|iPhoneSimulator
		{3EDFC5BF-0C9F-42AE-A2DB-1A261367A313}.Debug|iPhone.ActiveCfg = Debug|iPhone
		{3EDFC5BF-0C9F-42AE-A2DB-1A261367A313}.Debug|iPhone.Build.0 = Debug|iPhone
		{3EDFC5BF-0C9F-42AE-A2DB-1A261367A313}.Debug|iPhone.Deploy.0 = Debug|iPhone
		{3EDFC5BF-0C9F-42AE-A2DB-1A261367A313}.Debug|iPhoneSimulator.ActiveCfg = Debug|iPhoneSimulator
		{3EDFC5BF-0C9F-42AE-A2DB-1A261367A313}.Debug|iPhoneSimulator.Build.0 = Debug|iPhoneSimulator
		{3EDFC5BF-0C9F-42AE-A2DB-1A261367A313}.Debug|iPhoneSimulator.Deploy.0 = Debug|iPhoneSimulator
		{3EDFC5BF-0C9F-42AE-A2DB-1A261367A313}.Release|Any CPU.ActiveCfg = Release|iPhone
		{3EDFC5BF-0C9F-42AE-A2DB-1A261367A313}.Release|Any CPU.Build.0 = Release|iPhone
		{3EDFC5BF-0C9F-42AE-A2DB-1A261367A313}.Release|Any CPU.Deploy.0 = Release|iPhone
		{3EDFC5BF-0C9F-42AE-A2DB-1A261367A313}.Release|iPhone.ActiveCfg = Release|iPhone
		{3EDFC5BF-0C9F-42AE-A2DB-1A261367A313}.Release|iPhone.Build.0 = Release|iPhone
		{3EDFC5BF-0C9F-42AE-A2DB-1A261367A313}.Release|iPhone.Deploy.0 = Release|iPhone
		{3EDFC5BF-0C9F-42AE-A2DB-1A261367A313}.Release|iPhoneSimulator.ActiveCfg = Release|iPhoneSimulator
		{3EDFC5BF-0C9F-42AE-A2DB-1A261367A313}.Release|iPhoneSimulator.Build.0 = Release|iPhoneSimulator
		{3EDFC5BF-0C9F-42AE-A2DB-1A261367A313}.Release|iPhoneSimulator.Deploy.0 = Release|iPhoneSimulator
		{0D864E41-874D-4D3E-B04E-BA267A270C95}.Ad-Hoc|Any CPU.ActiveCfg = Debug|Any CPU
		{0D864E41-874D-4D3E-B04E-BA267A270C95}.Ad-Hoc|Any CPU.Build.0 = Debug|Any CPU
		{0D864E41-874D-4D3E-B04E-BA267A270C95}.Ad-Hoc|Any CPU.Deploy.0 = Debug|Any CPU
		{0D864E41-874D-4D3E-B04E-BA267A270C95}.Ad-Hoc|iPhone.ActiveCfg = Debug|Any CPU
		{0D864E41-874D-4D3E-B04E-BA267A270C95}.Ad-Hoc|iPhone.Build.0 = Debug|Any CPU
		{0D864E41-874D-4D3E-B04E-BA267A270C95}.Ad-Hoc|iPhone.Deploy.0 = Debug|Any CPU
		{0D864E41-874D-4D3E-B04E-BA267A270C95}.Ad-Hoc|iPhoneSimulator.ActiveCfg = Debug|Any CPU
		{0D864E41-874D-4D3E-B04E-BA267A270C95}.Ad-Hoc|iPhoneSimulator.Build.0 = Debug|Any CPU
		{0D864E41-874D-4D3E-B04E-BA267A270C95}.Ad-Hoc|iPhoneSimulator.Deploy.0 = Debug|Any CPU
		{0D864E41-874D-4D3E-B04E-BA267A270C95}.AppStore|Any CPU.ActiveCfg = Debug|Any CPU
		{0D864E41-874D-4D3E-B04E-BA267A270C95}.AppStore|Any CPU.Build.0 = Debug|Any CPU
		{0D864E41-874D-4D3E-B04E-BA267A270C95}.AppStore|Any CPU.Deploy.0 = Debug|Any CPU
		{0D864E41-874D-4D3E-B04E-BA267A270C95}.AppStore|iPhone.ActiveCfg = Debug|Any CPU
		{0D864E41-874D-4D3E-B04E-BA267A270C95}.AppStore|iPhone.Build.0 = Debug|Any CPU
		{0D864E41-874D-4D3E-B04E-BA267A270C95}.AppStore|iPhone.Deploy.0 = Debug|Any CPU
		{0D864E41-874D-4D3E-B04E-BA267A270C95}.AppStore|iPhoneSimulator.ActiveCfg = Debug|Any CPU
		{0D864E41-874D-4D3E-B04E-BA267A270C95}.AppStore|iPhoneSimulator.Build.0 = Debug|Any CPU
		{0D864E41-874D-4D3E-B04E-BA267A270C95}.AppStore|iPhoneSimulator.Deploy.0 = Debug|Any CPU
		{0D864E41-874D-4D3E-B04E-BA267A270C95}.Debug|Any CPU.ActiveCfg = Debug|Any CPU
		{0D864E41-874D-4D3E-B04E-BA267A270C95}.Debug|Any CPU.Build.0 = Debug|Any CPU
		{0D864E41-874D-4D3E-B04E-BA267A270C95}.Debug|Any CPU.Deploy.0 = Debug|Any CPU
		{0D864E41-874D-4D3E-B04E-BA267A270C95}.Debug|iPhone.ActiveCfg = Debug|Any CPU
		{0D864E41-874D-4D3E-B04E-BA267A270C95}.Debug|iPhone.Build.0 = Debug|Any CPU
		{0D864E41-874D-4D3E-B04E-BA267A270C95}.Debug|iPhone.Deploy.0 = Debug|Any CPU
		{0D864E41-874D-4D3E-B04E-BA267A270C95}.Debug|iPhoneSimulator.ActiveCfg = Debug|Any CPU
		{0D864E41-874D-4D3E-B04E-BA267A270C95}.Debug|iPhoneSimulator.Build.0 = Debug|Any CPU
		{0D864E41-874D-4D3E-B04E-BA267A270C95}.Debug|iPhoneSimulator.Deploy.0 = Debug|Any CPU
		{0D864E41-874D-4D3E-B04E-BA267A270C95}.Release|Any CPU.ActiveCfg = Release|Any CPU
		{0D864E41-874D-4D3E-B04E-BA267A270C95}.Release|Any CPU.Build.0 = Release|Any CPU
		{0D864E41-874D-4D3E-B04E-BA267A270C95}.Release|Any CPU.Deploy.0 = Release|Any CPU
		{0D864E41-874D-4D3E-B04E-BA267A270C95}.Release|iPhone.ActiveCfg = Release|Any CPU
		{0D864E41-874D-4D3E-B04E-BA267A270C95}.Release|iPhone.Build.0 = Release|Any CPU
		{0D864E41-874D-4D3E-B04E-BA267A270C95}.Release|iPhone.Deploy.0 = Release|Any CPU
		{0D864E41-874D-4D3E-B04E-BA267A270C95}.Release|iPhoneSimulator.ActiveCfg = Release|Any CPU
		{0D864E41-874D-4D3E-B04E-BA267A270C95}.Release|iPhoneSimulator.Build.0 = Release|Any CPU
		{0D864E41-874D-4D3E-B04E-BA267A270C95}.Release|iPhoneSimulator.Deploy.0 = Release|Any CPU
	EndGlobalSection
	GlobalSection(SolutionProperties) = preSolution
		HideSolutionNode = FALSE
	EndGlobalSection
	GlobalSection(ExtensibilityGlobals) = postSolution
		SolutionGuid = {9EC92BB9-7AB8-4B56-838A-2448C18DD0C0}
	EndGlobalSection
EndGlobal
